
Microsoft Visual Studio Solution File, Format Version 12.00
# Visual Studio Version 17
VisualStudioVersion = 17.6.33723.286
MinimumVisualStudioVersion = 10.0.40219.1
Project("{FAE04EC0-301F-11D3-BF4B-00C04F79EFBC}") = "MVCTaskProject", "MVCTaskProject.csproj", "{C5D4AEED-7330-4AC0-B8E6-6272E6AE60E5}"
EndProject
Global
	GlobalSection(SolutionConfigurationPlatforms) = preSolution
		Debug|Any CPU = Debug|Any CPU
		Release|Any CPU = Release|Any CPU
	EndGlobalSection
	GlobalSection(ProjectConfigurationPlatforms) = postSolution
		{C5D4AEED-7330-4AC0-B8E6-6272E6AE60E5}.Debug|Any CPU.ActiveCfg = Debug|Any CPU
		{C5D4AEED-7330-4AC0-B8E6-6272E6AE60E5}.Debug|Any CPU.Build.0 = Debug|Any CPU
		{C5D4AEED-7330-4AC0-B8E6-6272E6AE60E5}.Release|Any CPU.ActiveCfg = Release|Any CPU
		{C5D4AEED-7330-4AC0-B8E6-6272E6AE60E5}.Release|Any CPU.Build.0 = Release|Any CPU
	EndGlobalSection
	GlobalSection(SolutionProperties) = preSolution
		HideSolutionNode = FALSE
	EndGlobalSection
	GlobalSection(ExtensibilityGlobals) = postSolution
		SolutionGuid = {68B76E09-FE57-4CF2-8E5F-C31F10A3BE56}
	EndGlobalSection
EndGlobal
